
Microsoft Visual Studio Solution File, Format Version 12.00
# Visual Studio Version 16
VisualStudioVersion = 16.0.28803.352
MinimumVisualStudioVersion = 15.0.26124.0
Project("{2150E333-8FDC-42A3-9474-1A3956D46DE8}") = "Project.DataStorage", "Project.DataStorage", "{B4495912-2C3A-4F53-A4DF-55DA70A63C47}"
EndProject
Project("{9A19103F-16F7-4668-BE54-9A1E7A4F7556}") = "DataStorage.Implementations", "Project.DataStorage\DataStorage.Implementations\DataStorage.Implementations.csproj", "{08A69E8B-D0F1-4F29-B673-CAE0B4E17CE6}"
EndProject
Project("{9A19103F-16F7-4668-BE54-9A1E7A4F7556}") = "DataStorage.Interfaces", "Project.DataStorage\DataStorage.Interfaces\DataStorage.Interfaces.csproj", "{E2D7CEF1-5757-413C-AA5F-20145D9642C1}"
EndProject
Project("{9A19103F-16F7-4668-BE54-9A1E7A4F7556}") = "DataStorage.Test", "Project.DataStorage\DataStorage.Test\DataStorage.Test.csproj", "{4F9327A0-1E31-4037-9157-44454E2A4555}"
EndProject
Project("{2150E333-8FDC-42A3-9474-1A3956D46DE8}") = "Project.ServiceBroker", "Project.ServiceBroker", "{891D329C-EFBE-401B-9C23-C86FCAF88940}"
EndProject
Project("{9A19103F-16F7-4668-BE54-9A1E7A4F7556}") = "ServiceBroker.Test", "Project.ServiceBroker\ServiceBroker.Test\ServiceBroker.Test.csproj", "{12BC9B98-2630-447E-9298-6148FB5AF2D7}"
EndProject
Project("{9A19103F-16F7-4668-BE54-9A1E7A4F7556}") = "ServiceBroker.Implementations", "Project.ServiceBroker\ServiceBroker.Implementations\ServiceBroker.Implementations.csproj", "{216265D1-A91E-4984-9F48-FA00F8FAAEEC}"
EndProject
Project("{9A19103F-16F7-4668-BE54-9A1E7A4F7556}") = "ServiceBroker.Interfaces", "Project.ServiceBroker\ServiceBroker.Interfaces\ServiceBroker.Interfaces.csproj", "{DEFFF859-2198-45FB-9823-BCCF784D698B}"
EndProject
Project("{9A19103F-16F7-4668-BE54-9A1E7A4F7556}") = "Project.WEB", "Project.WEB\Project.WEB.csproj", "{50A82F40-24F8-4E3E-901A-7DC15B66F156}"
EndProject
Project("{9A19103F-16F7-4668-BE54-9A1E7A4F7556}") = "Project.Entity", "Project.Entity\Project.Entity.csproj", "{0C6A494E-F7EF-43E8-864B-2B311EB947B8}"
EndProject
Project("{2150E333-8FDC-42A3-9474-1A3956D46DE8}") = "Project.Core", "Project.Core", "{BEFC6A31-5989-4FA3-A378-B7F438B3E7D6}"
EndProject
Project("{9A19103F-16F7-4668-BE54-9A1E7A4F7556}") = "Project.Extensions", "Project.Core.Extensions\Project.Extensions.csproj", "{FE2F5B01-E70A-41DB-948E-1C3BD437A561}"
EndProject
Project("{FAE04EC0-301F-11D3-BF4B-00C04F79EFBC}") = "DataStorage.Core", "DataStorage.Core\DataStorage.Core.csproj", "{15D191AF-9297-48E4-B429-345082CCF4F7}"
EndProject
Global
	GlobalSection(SolutionConfigurationPlatforms) = preSolution
		Debug|Any CPU = Debug|Any CPU
		Debug|x64 = Debug|x64
		Debug|x86 = Debug|x86
		Release|Any CPU = Release|Any CPU
		Release|x64 = Release|x64
		Release|x86 = Release|x86
	EndGlobalSection
	GlobalSection(ProjectConfigurationPlatforms) = postSolution
		{08A69E8B-D0F1-4F29-B673-CAE0B4E17CE6}.Debug|Any CPU.ActiveCfg = Debug|Any CPU
		{08A69E8B-D0F1-4F29-B673-CAE0B4E17CE6}.Debug|Any CPU.Build.0 = Debug|Any CPU
		{08A69E8B-D0F1-4F29-B673-CAE0B4E17CE6}.Debug|x64.ActiveCfg = Debug|Any CPU
		{08A69E8B-D0F1-4F29-B673-CAE0B4E17CE6}.Debug|x64.Build.0 = Debug|Any CPU
		{08A69E8B-D0F1-4F29-B673-CAE0B4E17CE6}.Debug|x86.ActiveCfg = Debug|Any CPU
		{08A69E8B-D0F1-4F29-B673-CAE0B4E17CE6}.Debug|x86.Build.0 = Debug|Any CPU
		{08A69E8B-D0F1-4F29-B673-CAE0B4E17CE6}.Release|Any CPU.ActiveCfg = Release|Any CPU
		{08A69E8B-D0F1-4F29-B673-CAE0B4E17CE6}.Release|Any CPU.Build.0 = Release|Any CPU
		{08A69E8B-D0F1-4F29-B673-CAE0B4E17CE6}.Release|x64.ActiveCfg = Release|Any CPU
		{08A69E8B-D0F1-4F29-B673-CAE0B4E17CE6}.Release|x64.Build.0 = Release|Any CPU
		{08A69E8B-D0F1-4F29-B673-CAE0B4E17CE6}.Release|x86.ActiveCfg = Release|Any CPU
		{08A69E8B-D0F1-4F29-B673-CAE0B4E17CE6}.Release|x86.Build.0 = Release|Any CPU
		{E2D7CEF1-5757-413C-AA5F-20145D9642C1}.Debug|Any CPU.ActiveCfg = Debug|Any CPU
		{E2D7CEF1-5757-413C-AA5F-20145D9642C1}.Debug|Any CPU.Build.0 = Debug|Any CPU
		{E2D7CEF1-5757-413C-AA5F-20145D9642C1}.Debug|x64.ActiveCfg = Debug|Any CPU
		{E2D7CEF1-5757-413C-AA5F-20145D9642C1}.Debug|x64.Build.0 = Debug|Any CPU
		{E2D7CEF1-5757-413C-AA5F-20145D9642C1}.Debug|x86.ActiveCfg = Debug|Any CPU
		{E2D7CEF1-5757-413C-AA5F-20145D9642C1}.Debug|x86.Build.0 = Debug|Any CPU
		{E2D7CEF1-5757-413C-AA5F-20145D9642C1}.Release|Any CPU.ActiveCfg = Release|Any CPU
		{E2D7CEF1-5757-413C-AA5F-20145D9642C1}.Release|Any CPU.Build.0 = Release|Any CPU
		{E2D7CEF1-5757-413C-AA5F-20145D9642C1}.Release|x64.ActiveCfg = Release|Any CPU
		{E2D7CEF1-5757-413C-AA5F-20145D9642C1}.Release|x64.Build.0 = Release|Any CPU
		{E2D7CEF1-5757-413C-AA5F-20145D9642C1}.Release|x86.ActiveCfg = Release|Any CPU
		{E2D7CEF1-5757-413C-AA5F-20145D9642C1}.Release|x86.Build.0 = Release|Any CPU
		{4F9327A0-1E31-4037-9157-44454E2A4555}.Debug|Any CPU.ActiveCfg = Debug|Any CPU
		{4F9327A0-1E31-4037-9157-44454E2A4555}.Debug|Any CPU.Build.0 = Debug|Any CPU
		{4F9327A0-1E31-4037-9157-44454E2A4555}.Debug|x64.ActiveCfg = Debug|Any CPU
		{4F9327A0-1E31-4037-9157-44454E2A4555}.Debug|x64.Build.0 = Debug|Any CPU
		{4F9327A0-1E31-4037-9157-44454E2A4555}.Debug|x86.ActiveCfg = Debug|Any CPU
		{4F9327A0-1E31-4037-9157-44454E2A4555}.Debug|x86.Build.0 = Debug|Any CPU
		{4F9327A0-1E31-4037-9157-44454E2A4555}.Release|Any CPU.ActiveCfg = Release|Any CPU
		{4F9327A0-1E31-4037-9157-44454E2A4555}.Release|Any CPU.Build.0 = Release|Any CPU
		{4F9327A0-1E31-4037-9157-44454E2A4555}.Release|x64.ActiveCfg = Release|Any CPU
		{4F9327A0-1E31-4037-9157-44454E2A4555}.Release|x64.Build.0 = Release|Any CPU
		{4F9327A0-1E31-4037-9157-44454E2A4555}.Release|x86.ActiveCfg = Release|Any CPU
		{4F9327A0-1E31-4037-9157-44454E2A4555}.Release|x86.Build.0 = Release|Any CPU
		{12BC9B98-2630-447E-9298-6148FB5AF2D7}.Debug|Any CPU.ActiveCfg = Debug|Any CPU
		{12BC9B98-2630-447E-9298-6148FB5AF2D7}.Debug|Any CPU.Build.0 = Debug|Any CPU
		{12BC9B98-2630-447E-9298-6148FB5AF2D7}.Debug|x64.ActiveCfg = Debug|Any CPU
		{12BC9B98-2630-447E-9298-6148FB5AF2D7}.Debug|x64.Build.0 = Debug|Any CPU
		{12BC9B98-2630-447E-9298-6148FB5AF2D7}.Debug|x86.ActiveCfg = Debug|Any CPU
		{12BC9B98-2630-447E-9298-6148FB5AF2D7}.Debug|x86.Build.0 = Debug|Any CPU
		{12BC9B98-2630-447E-9298-6148FB5AF2D7}.Release|Any CPU.ActiveCfg = Release|Any CPU
		{12BC9B98-2630-447E-9298-6148FB5AF2D7}.Release|Any CPU.Build.0 = Release|Any CPU
		{12BC9B98-2630-447E-9298-6148FB5AF2D7}.Release|x64.ActiveCfg = Release|Any CPU
		{12BC9B98-2630-447E-9298-6148FB5AF2D7}.Release|x64.Build.0 = Release|Any CPU
		{12BC9B98-2630-447E-9298-6148FB5AF2D7}.Release|x86.ActiveCfg = Release|Any CPU
		{12BC9B98-2630-447E-9298-6148FB5AF2D7}.Release|x86.Build.0 = Release|Any CPU
		{216265D1-A91E-4984-9F48-FA00F8FAAEEC}.Debug|Any CPU.ActiveCfg = Debug|Any CPU
		{216265D1-A91E-4984-9F48-FA00F8FAAEEC}.Debug|Any CPU.Build.0 = Debug|Any CPU
		{216265D1-A91E-4984-9F48-FA00F8FAAEEC}.Debug|x64.ActiveCfg = Debug|Any CPU
		{216265D1-A91E-4984-9F48-FA00F8FAAEEC}.Debug|x64.Build.0 = Debug|Any CPU
		{216265D1-A91E-4984-9F48-FA00F8FAAEEC}.Debug|x86.ActiveCfg = Debug|Any CPU
		{216265D1-A91E-4984-9F48-FA00F8FAAEEC}.Debug|x86.Build.0 = Debug|Any CPU
		{216265D1-A91E-4984-9F48-FA00F8FAAEEC}.Release|Any CPU.ActiveCfg = Release|Any CPU
		{216265D1-A91E-4984-9F48-FA00F8FAAEEC}.Release|Any CPU.Build.0 = Release|Any CPU
		{216265D1-A91E-4984-9F48-FA00F8FAAEEC}.Release|x64.ActiveCfg = Release|Any CPU
		{216265D1-A91E-4984-9F48-FA00F8FAAEEC}.Release|x64.Build.0 = Release|Any CPU
		{216265D1-A91E-4984-9F48-FA00F8FAAEEC}.Release|x86.ActiveCfg = Release|Any CPU
		{216265D1-A91E-4984-9F48-FA00F8FAAEEC}.Release|x86.Build.0 = Release|Any CPU
		{DEFFF859-2198-45FB-9823-BCCF784D698B}.Debug|Any CPU.ActiveCfg = Debug|Any CPU
		{DEFFF859-2198-45FB-9823-BCCF784D698B}.Debug|Any CPU.Build.0 = Debug|Any CPU
		{DEFFF859-2198-45FB-9823-BCCF784D698B}.Debug|x64.ActiveCfg = Debug|Any CPU
		{DEFFF859-2198-45FB-9823-BCCF784D698B}.Debug|x64.Build.0 = Debug|Any CPU
		{DEFFF859-2198-45FB-9823-BCCF784D698B}.Debug|x86.ActiveCfg = Debug|Any CPU
		{DEFFF859-2198-45FB-9823-BCCF784D698B}.Debug|x86.Build.0 = Debug|Any CPU
		{DEFFF859-2198-45FB-9823-BCCF784D698B}.Release|Any CPU.ActiveCfg = Release|Any CPU
		{DEFFF859-2198-45FB-9823-BCCF784D698B}.Release|Any CPU.Build.0 = Release|Any CPU
		{DEFFF859-2198-45FB-9823-BCCF784D698B}.Release|x64.ActiveCfg = Release|Any CPU
		{DEFFF859-2198-45FB-9823-BCCF784D698B}.Release|x64.Build.0 = Release|Any CPU
		{DEFFF859-2198-45FB-9823-BCCF784D698B}.Release|x86.ActiveCfg = Release|Any CPU
		{DEFFF859-2198-45FB-9823-BCCF784D698B}.Release|x86.Build.0 = Release|Any CPU
		{50A82F40-24F8-4E3E-901A-7DC15B66F156}.Debug|Any CPU.ActiveCfg = Debug|Any CPU
		{50A82F40-24F8-4E3E-901A-7DC15B66F156}.Debug|Any CPU.Build.0 = Debug|Any CPU
		{50A82F40-24F8-4E3E-901A-7DC15B66F156}.Debug|x64.ActiveCfg = Debug|Any CPU
		{50A82F40-24F8-4E3E-901A-7DC15B66F156}.Debug|x64.Build.0 = Debug|Any CPU
		{50A82F40-24F8-4E3E-901A-7DC15B66F156}.Debug|x86.ActiveCfg = Debug|Any CPU
		{50A82F40-24F8-4E3E-901A-7DC15B66F156}.Debug|x86.Build.0 = Debug|Any CPU
		{50A82F40-24F8-4E3E-901A-7DC15B66F156}.Release|Any CPU.ActiveCfg = Release|Any CPU
		{50A82F40-24F8-4E3E-901A-7DC15B66F156}.Release|Any CPU.Build.0 = Release|Any CPU
		{50A82F40-24F8-4E3E-901A-7DC15B66F156}.Release|x64.ActiveCfg = Release|Any CPU
		{50A82F40-24F8-4E3E-901A-7DC15B66F156}.Release|x64.Build.0 = Release|Any CPU
		{50A82F40-24F8-4E3E-901A-7DC15B66F156}.Release|x86.ActiveCfg = Release|Any CPU
		{50A82F40-24F8-4E3E-901A-7DC15B66F156}.Release|x86.Build.0 = Release|Any CPU
		{0C6A494E-F7EF-43E8-864B-2B311EB947B8}.Debug|Any CPU.ActiveCfg = Debug|Any CPU
		{0C6A494E-F7EF-43E8-864B-2B311EB947B8}.Debug|Any CPU.Build.0 = Debug|Any CPU
		{0C6A494E-F7EF-43E8-864B-2B311EB947B8}.Debug|x64.ActiveCfg = Debug|Any CPU
		{0C6A494E-F7EF-43E8-864B-2B311EB947B8}.Debug|x64.Build.0 = Debug|Any CPU
		{0C6A494E-F7EF-43E8-864B-2B311EB947B8}.Debug|x86.ActiveCfg = Debug|Any CPU
		{0C6A494E-F7EF-43E8-864B-2B311EB947B8}.Debug|x86.Build.0 = Debug|Any CPU
		{0C6A494E-F7EF-43E8-864B-2B311EB947B8}.Release|Any CPU.ActiveCfg = Release|Any CPU
		{0C6A494E-F7EF-43E8-864B-2B311EB947B8}.Release|Any CPU.Build.0 = Release|Any CPU
		{0C6A494E-F7EF-43E8-864B-2B311EB947B8}.Release|x64.ActiveCfg = Release|Any CPU
		{0C6A494E-F7EF-43E8-864B-2B311EB947B8}.Release|x64.Build.0 = Release|Any CPU
		{0C6A494E-F7EF-43E8-864B-2B311EB947B8}.Release|x86.ActiveCfg = Release|Any CPU
		{0C6A494E-F7EF-43E8-864B-2B311EB947B8}.Release|x86.Build.0 = Release|Any CPU
		{FE2F5B01-E70A-41DB-948E-1C3BD437A561}.Debug|Any CPU.ActiveCfg = Debug|Any CPU
		{FE2F5B01-E70A-41DB-948E-1C3BD437A561}.Debug|Any CPU.Build.0 = Debug|Any CPU
		{FE2F5B01-E70A-41DB-948E-1C3BD437A561}.Debug|x64.ActiveCfg = Debug|Any CPU
		{FE2F5B01-E70A-41DB-948E-1C3BD437A561}.Debug|x64.Build.0 = Debug|Any CPU
		{FE2F5B01-E70A-41DB-948E-1C3BD437A561}.Debug|x86.ActiveCfg = Debug|Any CPU
		{FE2F5B01-E70A-41DB-948E-1C3BD437A561}.Debug|x86.Build.0 = Debug|Any CPU
		{FE2F5B01-E70A-41DB-948E-1C3BD437A561}.Release|Any CPU.ActiveCfg = Release|Any CPU
		{FE2F5B01-E70A-41DB-948E-1C3BD437A561}.Release|Any CPU.Build.0 = Release|Any CPU
		{FE2F5B01-E70A-41DB-948E-1C3BD437A561}.Release|x64.ActiveCfg = Release|Any CPU
		{FE2F5B01-E70A-41DB-948E-1C3BD437A561}.Release|x64.Build.0 = Release|Any CPU
		{FE2F5B01-E70A-41DB-948E-1C3BD437A561}.Release|x86.ActiveCfg = Release|Any CPU
		{FE2F5B01-E70A-41DB-948E-1C3BD437A561}.Release|x86.Build.0 = Release|Any CPU
		{15D191AF-9297-48E4-B429-345082CCF4F7}.Debug|Any CPU.ActiveCfg = Debug|Any CPU
		{15D191AF-9297-48E4-B429-345082CCF4F7}.Debug|Any CPU.Build.0 = Debug|Any CPU
		{15D191AF-9297-48E4-B429-345082CCF4F7}.Debug|x64.ActiveCfg = Debug|Any CPU
		{15D191AF-9297-48E4-B429-345082CCF4F7}.Debug|x64.Build.0 = Debug|Any CPU
		{15D191AF-9297-48E4-B429-345082CCF4F7}.Debug|x86.ActiveCfg = Debug|Any CPU
		{15D191AF-9297-48E4-B429-345082CCF4F7}.Debug|x86.Build.0 = Debug|Any CPU
		{15D191AF-9297-48E4-B429-345082CCF4F7}.Release|Any CPU.ActiveCfg = Release|Any CPU
		{15D191AF-9297-48E4-B429-345082CCF4F7}.Release|Any CPU.Build.0 = Release|Any CPU
		{15D191AF-9297-48E4-B429-345082CCF4F7}.Release|x64.ActiveCfg = Release|Any CPU
		{15D191AF-9297-48E4-B429-345082CCF4F7}.Release|x64.Build.0 = Release|Any CPU
		{15D191AF-9297-48E4-B429-345082CCF4F7}.Release|x86.ActiveCfg = Release|Any CPU
		{15D191AF-9297-48E4-B429-345082CCF4F7}.Release|x86.Build.0 = Release|Any CPU
	EndGlobalSection
	GlobalSection(SolutionProperties) = preSolution
		HideSolutionNode = FALSE
	EndGlobalSection
	GlobalSection(NestedProjects) = preSolution
		{08A69E8B-D0F1-4F29-B673-CAE0B4E17CE6} = {B4495912-2C3A-4F53-A4DF-55DA70A63C47}
		{E2D7CEF1-5757-413C-AA5F-20145D9642C1} = {B4495912-2C3A-4F53-A4DF-55DA70A63C47}
		{4F9327A0-1E31-4037-9157-44454E2A4555} = {B4495912-2C3A-4F53-A4DF-55DA70A63C47}
		{12BC9B98-2630-447E-9298-6148FB5AF2D7} = {891D329C-EFBE-401B-9C23-C86FCAF88940}
		{216265D1-A91E-4984-9F48-FA00F8FAAEEC} = {891D329C-EFBE-401B-9C23-C86FCAF88940}
		{DEFFF859-2198-45FB-9823-BCCF784D698B} = {891D329C-EFBE-401B-9C23-C86FCAF88940}
		{0C6A494E-F7EF-43E8-864B-2B311EB947B8} = {BEFC6A31-5989-4FA3-A378-B7F438B3E7D6}
		{FE2F5B01-E70A-41DB-948E-1C3BD437A561} = {BEFC6A31-5989-4FA3-A378-B7F438B3E7D6}
		{15D191AF-9297-48E4-B429-345082CCF4F7} = {B4495912-2C3A-4F53-A4DF-55DA70A63C47}
	EndGlobalSection
	GlobalSection(ExtensibilityGlobals) = postSolution
		SolutionGuid = {6BD5EDC0-399D-42B1-AA7B-025B5E80BB44}
	EndGlobalSection
EndGlobal
